
Microsoft Visual Studio Solution File, Format Version 12.00
# Visual Studio Version 17
VisualStudioVersion = 17.10.35013.160
MinimumVisualStudioVersion = 10.0.40219.1
Project("{FAE04EC0-301F-11D3-BF4B-00C04F79EFBC}") = "demo website", "demo website.csproj", "{C3FBE21B-E42A-4361-AF3D-5E928434966F}"
EndProject
Global
	GlobalSection(SolutionConfigurationPlatforms) = preSolution
		Debug|Any CPU = Debug|Any CPU
		Release|Any CPU = Release|Any CPU
	EndGlobalSection
	GlobalSection(ProjectConfigurationPlatforms) = postSolution
		{C3FBE21B-E42A-4361-AF3D-5E928434966F}.Debug|Any CPU.ActiveCfg = Debug|Any CPU
		{C3FBE21B-E42A-4361-AF3D-5E928434966F}.Debug|Any CPU.Build.0 = Debug|Any CPU
		{C3FBE21B-E42A-4361-AF3D-5E928434966F}.Release|Any CPU.ActiveCfg = Release|Any CPU
		{C3FBE21B-E42A-4361-AF3D-5E928434966F}.Release|Any CPU.Build.0 = Release|Any CPU
	EndGlobalSection
	GlobalSection(SolutionProperties) = preSolution
		HideSolutionNode = FALSE
	EndGlobalSection
	GlobalSection(ExtensibilityGlobals) = postSolution
		SolutionGuid = {3180014C-739F-48F8-8C89-9CF301957803}
	EndGlobalSection
EndGlobal
